
Microsoft Visual Studio Solution File, Format Version 12.00
# Visual Studio Version 17
VisualStudioVersion = 17.6.33815.320
MinimumVisualStudioVersion = 10.0.40219.1
Project("{FAE04EC0-301F-11D3-BF4B-00C04F79EFBC}") = "WpfApp1", "WpfApp1\WpfApp1.csproj", "{08A36932-6D8D-445B-B371-5AB0720124B1}"
EndProject
Global
	GlobalSection(SolutionConfigurationPlatforms) = preSolution
		Debug|Any CPU = Debug|Any CPU
		Release|Any CPU = Release|Any CPU
	EndGlobalSection
	GlobalSection(ProjectConfigurationPlatforms) = postSolution
		{08A36932-6D8D-445B-B371-5AB0720124B1}.Debug|Any CPU.ActiveCfg = Debug|Any CPU
		{08A36932-6D8D-445B-B371-5AB0720124B1}.Debug|Any CPU.Build.0 = Debug|Any CPU
		{08A36932-6D8D-445B-B371-5AB0720124B1}.Release|Any CPU.ActiveCfg = Release|Any CPU
		{08A36932-6D8D-445B-B371-5AB0720124B1}.Release|Any CPU.Build.0 = Release|Any CPU
	EndGlobalSection
	GlobalSection(SolutionProperties) = preSolution
		HideSolutionNode = FALSE
	EndGlobalSection
	GlobalSection(ExtensibilityGlobals) = postSolution
		SolutionGuid = {1977994F-896F-4C49-B9E6-4100C05D40E2}
	EndGlobalSection
EndGlobal
